# This file is automatically @generated by Poetry 1.7.1 and should not be changed by hand.

[[package]]
name = "black"
version = "24.1.1"
description = "The uncompromising code formatter."
optional = false
python-versions = ">=3.8"
files = [
    {file = "black-24.1.1-cp310-cp310-macosx_10_9_x86_64.whl", hash = "sha256:2588021038bd5ada078de606f2a804cadd0a3cc6a79cb3e9bb3a8bf581325a4c"},
    {file = "black-24.1.1-cp310-cp310-macosx_11_0_arm64.whl", hash = "sha256:1a95915c98d6e32ca43809d46d932e2abc5f1f7d582ffbe65a5b4d1588af7445"},
    {file = "black-24.1.1-cp310-cp310-manylinux_2_17_x86_64.manylinux2014_x86_64.whl", hash = "sha256:2fa6a0e965779c8f2afb286f9ef798df770ba2b6cee063c650b96adec22c056a"},
    {file = "black-24.1.1-cp310-cp310-win_amd64.whl", hash = "sha256:5242ecd9e990aeb995b6d03dc3b2d112d4a78f2083e5a8e86d566340ae80fec4"},
    {file = "black-24.1.1-cp311-cp311-macosx_10_9_x86_64.whl", hash = "sha256:fc1ec9aa6f4d98d022101e015261c056ddebe3da6a8ccfc2c792cbe0349d48b7"},
    {file = "black-24.1.1-cp311-cp311-macosx_11_0_arm64.whl", hash = "sha256:0269dfdea12442022e88043d2910429bed717b2d04523867a85dacce535916b8"},
    {file = "black-24.1.1-cp311-cp311-manylinux_2_17_x86_64.manylinux2014_x86_64.whl", hash = "sha256:b3d64db762eae4a5ce04b6e3dd745dcca0fb9560eb931a5be97472e38652a161"},
    {file = "black-24.1.1-cp311-cp311-win_amd64.whl", hash = "sha256:5d7b06ea8816cbd4becfe5f70accae953c53c0e53aa98730ceccb0395520ee5d"},
    {file = "black-24.1.1-cp312-cp312-macosx_10_9_x86_64.whl", hash = "sha256:e2c8dfa14677f90d976f68e0c923947ae68fa3961d61ee30976c388adc0b02c8"},
    {file = "black-24.1.1-cp312-cp312-macosx_11_0_arm64.whl", hash = "sha256:a21725862d0e855ae05da1dd25e3825ed712eaaccef6b03017fe0853a01aa45e"},
    {file = "black-24.1.1-cp312-cp312-manylinux_2_17_x86_64.manylinux2014_x86_64.whl", hash = "sha256:07204d078e25327aad9ed2c64790d681238686bce254c910de640c7cc4fc3aa6"},
    {file = "black-24.1.1-cp312-cp312-win_amd64.whl", hash = "sha256:a83fe522d9698d8f9a101b860b1ee154c1d25f8a82ceb807d319f085b2627c5b"},
    {file = "black-24.1.1-cp38-cp38-macosx_10_9_x86_64.whl", hash = "sha256:08b34e85170d368c37ca7bf81cf67ac863c9d1963b2c1780c39102187ec8dd62"},
    {file = "black-24.1.1-cp38-cp38-macosx_11_0_arm64.whl", hash = "sha256:7258c27115c1e3b5de9ac6c4f9957e3ee2c02c0b39222a24dc7aa03ba0e986f5"},
    {file = "black-24.1.1-cp38-cp38-manylinux_2_17_x86_64.manylinux2014_x86_64.whl", hash = "sha256:40657e1b78212d582a0edecafef133cf1dd02e6677f539b669db4746150d38f6"},
    {file = "black-24.1.1-cp38-cp38-win_amd64.whl", hash = "sha256:e298d588744efda02379521a19639ebcd314fba7a49be22136204d7ed1782717"},
    {file = "black-24.1.1-cp39-cp39-macosx_10_9_x86_64.whl", hash = "sha256:34afe9da5056aa123b8bfda1664bfe6fb4e9c6f311d8e4a6eb089da9a9173bf9"},
    {file = "black-24.1.1-cp39-cp39-macosx_11_0_arm64.whl", hash = "sha256:854c06fb86fd854140f37fb24dbf10621f5dab9e3b0c29a690ba595e3d543024"},
    {file = "black-24.1.1-cp39-cp39-manylinux_2_17_x86_64.manylinux2014_x86_64.whl", hash = "sha256:3897ae5a21ca132efa219c029cce5e6bfc9c3d34ed7e892113d199c0b1b444a2"},
    {file = "black-24.1.1-cp39-cp39-win_amd64.whl", hash = "sha256:ecba2a15dfb2d97105be74bbfe5128bc5e9fa8477d8c46766505c1dda5883aac"},
    {file = "black-24.1.1-py3-none-any.whl", hash = "sha256:5cdc2e2195212208fbcae579b931407c1fa9997584f0a415421748aeafff1168"},
    {file = "black-24.1.1.tar.gz", hash = "sha256:48b5760dcbfe5cf97fd4fba23946681f3a81514c6ab8a45b50da67ac8fbc6c7b"},
]

[package.dependencies]
click = ">=8.0.0"
mypy-extensions = ">=0.4.3"
packaging = ">=22.0"
pathspec = ">=0.9.0"
platformdirs = ">=2"
tomli = {version = ">=1.1.0", markers = "python_version < \"3.11\""}
typing-extensions = {version = ">=4.0.1", markers = "python_version < \"3.11\""}

[package.extras]
colorama = ["colorama (>=0.4.3)"]
d = ["aiohttp (>=3.7.4)", "aiohttp (>=3.7.4,!=3.9.0)"]
jupyter = ["ipython (>=7.8.0)", "tokenize-rt (>=3.2.0)"]
uvloop = ["uvloop (>=0.15.2)"]

[[package]]
name = "click"
version = "8.1.7"
description = "Composable command line interface toolkit"
optional = false
python-versions = ">=3.7"
files = [
    {file = "click-8.1.7-py3-none-any.whl", hash = "sha256:ae74fb96c20a0277a1d615f1e4d73c8414f5a98db8b799a7931d1582f3390c28"},
    {file = "click-8.1.7.tar.gz", hash = "sha256:ca9853ad459e787e2192211578cc907e7594e294c7ccc834310722b41b9ca6de"},
]

[package.dependencies]
colorama = {version = "*", markers = "platform_system == \"Windows\""}

[[package]]
name = "colorama"
version = "0.4.6"
description = "Cross-platform colored terminal text."
optional = false
python-versions = "!=3.0.*,!=3.1.*,!=3.2.*,!=3.3.*,!=3.4.*,!=3.5.*,!=3.6.*,>=2.7"
files = [
    {file = "colorama-0.4.6-py2.py3-none-any.whl", hash = "sha256:4f1d9991f5acc0ca119f9d443620b77f9d6b33703e51011c16baf57afb285fc6"},
    {file = "colorama-0.4.6.tar.gz", hash = "sha256:08695f5cb7ed6e0531a20572697297273c47b8cae5a63ffc6d6ed5c201be6e44"},
]

[[package]]
name = "docopt"
version = "0.6.2"
description = "Pythonic argument parser, that will make you smile"
optional = false
python-versions = "*"
files = [
    {file = "docopt-0.6.2.tar.gz", hash = "sha256:49b3a825280bd66b3aa83585ef59c4a8c82f2c8a522dbe754a8bc8d08c85c491"},
]

[[package]]
name = "exceptiongroup"
version = "1.2.0"
description = "Backport of PEP 654 (exception groups)"
optional = false
python-versions = ">=3.7"
files = [
    {file = "exceptiongroup-1.2.0-py3-none-any.whl", hash = "sha256:4bfd3996ac73b41e9b9628b04e079f193850720ea5945fc96a08633c66912f14"},
    {file = "exceptiongroup-1.2.0.tar.gz", hash = "sha256:91f5c769735f051a4290d52edd0858999b57e5876e9f85937691bd4c9fa3ed68"},
]

[package.extras]
test = ["pytest (>=6)"]

[[package]]
name = "iniconfig"
version = "2.0.0"
description = "brain-dead simple config-ini parsing"
optional = false
python-versions = ">=3.7"
files = [
    {file = "iniconfig-2.0.0-py3-none-any.whl", hash = "sha256:b6a85871a79d2e3b22d2d1b94ac2824226a63c6b741c88f7ae975f18b6778374"},
    {file = "iniconfig-2.0.0.tar.gz", hash = "sha256:2d91e135bf72d31a410b17c16da610a82cb55f6b0477d1a902134b24a455b8b3"},
]

[[package]]
name = "mypy-extensions"
version = "1.0.0"
description = "Type system extensions for programs checked with the mypy type checker."
optional = false
python-versions = ">=3.5"
files = [
    {file = "mypy_extensions-1.0.0-py3-none-any.whl", hash = "sha256:4392f6c0eb8a5668a69e23d168ffa70f0be9ccfd32b5cc2d26a34ae5b844552d"},
    {file = "mypy_extensions-1.0.0.tar.gz", hash = "sha256:75dbf8955dc00442a438fc4d0666508a9a97b6bd41aa2f0ffe9d2f2725af0782"},
]

[[package]]
name = "packaging"
version = "23.2"
description = "Core utilities for Python packages"
optional = false
python-versions = ">=3.7"
files = [
    {file = "packaging-23.2-py3-none-any.whl", hash = "sha256:8c491190033a9af7e1d931d0b5dacc2ef47509b34dd0de67ed209b5203fc88c7"},
    {file = "packaging-23.2.tar.gz", hash = "sha256:048fb0e9405036518eaaf48a55953c750c11e1a1b68e0dd1a9d62ed0c092cfc5"},
]

[[package]]
name = "pathspec"
version = "0.12.1"
description = "Utility library for gitignore style pattern matching of file paths."
optional = false
python-versions = ">=3.8"
files = [
    {file = "pathspec-0.12.1-py3-none-any.whl", hash = "sha256:a0d503e138a4c123b27490a4f7beda6a01c6f288df0e4a8b79c7eb0dc7b4cc08"},
    {file = "pathspec-0.12.1.tar.gz", hash = "sha256:a482d51503a1ab33b1c67a6c3813a26953dbdc71c31dacaef9a838c4e29f5712"},
]

[[package]]
name = "platformdirs"
version = "4.1.0"
description = "A small Python package for determining appropriate platform-specific dirs, e.g. a \"user data dir\"."
optional = false
python-versions = ">=3.8"
files = [
    {file = "platformdirs-4.1.0-py3-none-any.whl", hash = "sha256:11c8f37bcca40db96d8144522d925583bdb7a31f7b0e37e3ed4318400a8e2380"},
    {file = "platformdirs-4.1.0.tar.gz", hash = "sha256:906d548203468492d432bcb294d4bc2fff751bf84971fbb2c10918cc206ee420"},
]

[package.extras]
docs = ["furo (>=2023.7.26)", "proselint (>=0.13)", "sphinx (>=7.1.1)", "sphinx-autodoc-typehints (>=1.24)"]
test = ["appdirs (==1.4.4)", "covdefaults (>=2.3)", "pytest (>=7.4)", "pytest-cov (>=4.1)", "pytest-mock (>=3.11.1)"]

[[package]]
name = "pluggy"
version = "1.4.0"
description = "plugin and hook calling mechanisms for python"
optional = false
python-versions = ">=3.8"
files = [
    {file = "pluggy-1.4.0-py3-none-any.whl", hash = "sha256:7db9f7b503d67d1c5b95f59773ebb58a8c1c288129a88665838012cfb07b8981"},
    {file = "pluggy-1.4.0.tar.gz", hash = "sha256:8c85c2876142a764e5b7548e7d9a0e0ddb46f5185161049a79b7e974454223be"},
]

[package.extras]
dev = ["pre-commit", "tox"]
testing = ["pytest", "pytest-benchmark"]

[[package]]
name = "pytest"
version = "8.0.0"
description = "pytest: simple powerful testing with Python"
optional = false
python-versions = ">=3.8"
files = [
    {file = "pytest-8.0.0-py3-none-any.whl", hash = "sha256:50fb9cbe836c3f20f0dfa99c565201fb75dc54c8d76373cd1bde06b06657bdb6"},
    {file = "pytest-8.0.0.tar.gz", hash = "sha256:249b1b0864530ba251b7438274c4d251c58d868edaaec8762893ad4a0d71c36c"},
]

[package.dependencies]
colorama = {version = "*", markers = "sys_platform == \"win32\""}
exceptiongroup = {version = ">=1.0.0rc8", markers = "python_version < \"3.11\""}
iniconfig = "*"
packaging = "*"
pluggy = ">=1.3.0,<2.0"
tomli = {version = ">=1.0.0", markers = "python_version < \"3.11\""}

[package.extras]
testing = ["argcomplete", "attrs (>=19.2.0)", "hypothesis (>=3.56)", "mock", "nose", "pygments (>=2.7.2)", "requests", "setuptools", "xmlschema"]

[[package]]
name = "pytest-watch"
version = "4.2.0"
description = "Local continuous test runner with pytest and watchdog."
optional = false
python-versions = "*"
files = [
    {file = "pytest-watch-4.2.0.tar.gz", hash = "sha256:06136f03d5b361718b8d0d234042f7b2f203910d8568f63df2f866b547b3d4b9"},
]

[package.dependencies]
colorama = ">=0.3.3"
docopt = ">=0.4.0"
pytest = ">=2.6.4"
watchdog = ">=0.6.0"

[[package]]
name = "snakeviz"
version = "2.2.0"
description = "A web-based viewer for Python profiler output"
optional = false
python-versions = ">=3.7"
files = [
    {file = "snakeviz-2.2.0-py2.py3-none-any.whl", hash = "sha256:569e2d71c47f80a886aa6e70d6405cb6d30aa3520969ad956b06f824c5f02b8e"},
    {file = "snakeviz-2.2.0.tar.gz", hash = "sha256:7bfd00be7ae147eb4a170a471578e1cd3f41f803238958b6b8efcf2c698a6aa9"},
]

[package.dependencies]
tornado = ">=2.0"

[[package]]
name = "tomli"
version = "2.0.1"
description = "A lil' TOML parser"
optional = false
python-versions = ">=3.7"
files = [
    {file = "tomli-2.0.1-py3-none-any.whl", hash = "sha256:939de3e7a6161af0c887ef91b7d41a53e7c5a1ca976325f429cb46ea9bc30ecc"},
    {file = "tomli-2.0.1.tar.gz", hash = "sha256:de526c12914f0c550d15924c62d72abc48d6fe7364aa87328337a31007fe8a4f"},
]

[[package]]
name = "tornado"
version = "6.4"
description = "Tornado is a Python web framework and asynchronous networking library, originally developed at FriendFeed."
optional = false
python-versions = ">= 3.8"
files = [
    {file = "tornado-6.4-cp38-abi3-macosx_10_9_universal2.whl", hash = "sha256:02ccefc7d8211e5a7f9e8bc3f9e5b0ad6262ba2fbb683a6443ecc804e5224ce0"},
    {file = "tornado-6.4-cp38-abi3-macosx_10_9_x86_64.whl", hash = "sha256:27787de946a9cffd63ce5814c33f734c627a87072ec7eed71f7fc4417bb16263"},
    {file = "tornado-6.4-cp38-abi3-manylinux_2_17_aarch64.manylinux2014_aarch64.whl", hash = "sha256:f7894c581ecdcf91666a0912f18ce5e757213999e183ebfc2c3fdbf4d5bd764e"},
    {file = "tornado-6.4-cp38-abi3-manylinux_2_5_i686.manylinux1_i686.manylinux_2_17_i686.manylinux2014_i686.whl", hash = "sha256:e43bc2e5370a6a8e413e1e1cd0c91bedc5bd62a74a532371042a18ef19e10579"},
    {file = "tornado-6.4-cp38-abi3-manylinux_2_5_x86_64.manylinux1_x86_64.manylinux_2_17_x86_64.manylinux2014_x86_64.whl", hash = "sha256:f0251554cdd50b4b44362f73ad5ba7126fc5b2c2895cc62b14a1c2d7ea32f212"},
    {file = "tornado-6.4-cp38-abi3-musllinux_1_1_aarch64.whl", hash = "sha256:fd03192e287fbd0899dd8f81c6fb9cbbc69194d2074b38f384cb6fa72b80e9c2"},
    {file = "tornado-6.4-cp38-abi3-musllinux_1_1_i686.whl", hash = "sha256:88b84956273fbd73420e6d4b8d5ccbe913c65d31351b4c004ae362eba06e1f78"},
    {file = "tornado-6.4-cp38-abi3-musllinux_1_1_x86_64.whl", hash = "sha256:71ddfc23a0e03ef2df1c1397d859868d158c8276a0603b96cf86892bff58149f"},
    {file = "tornado-6.4-cp38-abi3-win32.whl", hash = "sha256:6f8a6c77900f5ae93d8b4ae1196472d0ccc2775cc1dfdc9e7727889145c45052"},
    {file = "tornado-6.4-cp38-abi3-win_amd64.whl", hash = "sha256:10aeaa8006333433da48dec9fe417877f8bcc21f48dda8d661ae79da357b2a63"},
    {file = "tornado-6.4.tar.gz", hash = "sha256:72291fa6e6bc84e626589f1c29d90a5a6d593ef5ae68052ee2ef000dfd273dee"},
]

[[package]]
name = "typer"
version = "0.9.0"
description = "Typer, build great CLIs. Easy to code. Based on Python type hints."
optional = false
python-versions = ">=3.6"
files = [
    {file = "typer-0.9.0-py3-none-any.whl", hash = "sha256:5d96d986a21493606a358cae4461bd8cdf83cbf33a5aa950ae629ca3b51467ee"},
    {file = "typer-0.9.0.tar.gz", hash = "sha256:50922fd79aea2f4751a8e0408ff10d2662bd0c8bbfa84755a699f3bada2978b2"},
]

[package.dependencies]
click = ">=7.1.1,<9.0.0"
typing-extensions = ">=3.7.4.3"

[package.extras]
all = ["colorama (>=0.4.3,<0.5.0)", "rich (>=10.11.0,<14.0.0)", "shellingham (>=1.3.0,<2.0.0)"]
dev = ["autoflake (>=1.3.1,<2.0.0)", "flake8 (>=3.8.3,<4.0.0)", "pre-commit (>=2.17.0,<3.0.0)"]
doc = ["cairosvg (>=2.5.2,<3.0.0)", "mdx-include (>=1.4.1,<2.0.0)", "mkdocs (>=1.1.2,<2.0.0)", "mkdocs-material (>=8.1.4,<9.0.0)", "pillow (>=9.3.0,<10.0.0)"]
test = ["black (>=22.3.0,<23.0.0)", "coverage (>=6.2,<7.0)", "isort (>=5.0.6,<6.0.0)", "mypy (==0.910)", "pytest (>=4.4.0,<8.0.0)", "pytest-cov (>=2.10.0,<5.0.0)", "pytest-sugar (>=0.9.4,<0.10.0)", "pytest-xdist (>=1.32.0,<4.0.0)", "rich (>=10.11.0,<14.0.0)", "shellingham (>=1.3.0,<2.0.0)"]

[[package]]
name = "typing-extensions"
version = "4.9.0"
description = "Backported and Experimental Type Hints for Python 3.8+"
optional = false
python-versions = ">=3.8"
files = [
    {file = "typing_extensions-4.9.0-py3-none-any.whl", hash = "sha256:af72aea155e91adfc61c3ae9e0e342dbc0cba726d6cba4b6c72c1f34e47291cd"},
    {file = "typing_extensions-4.9.0.tar.gz", hash = "sha256:23478f88c37f27d76ac8aee6c905017a143b0b1b886c3c9f66bc2fd94f9f5783"},
]

[[package]]
name = "watchdog"
version = "3.0.0"
description = "Filesystem events monitoring"
optional = false
python-versions = ">=3.7"
files = [
    {file = "watchdog-3.0.0-cp310-cp310-macosx_10_9_universal2.whl", hash = "sha256:336adfc6f5cc4e037d52db31194f7581ff744b67382eb6021c868322e32eef41"},
    {file = "watchdog-3.0.0-cp310-cp310-macosx_10_9_x86_64.whl", hash = "sha256:a70a8dcde91be523c35b2bf96196edc5730edb347e374c7de7cd20c43ed95397"},
    {file = "watchdog-3.0.0-cp310-cp310-macosx_11_0_arm64.whl", hash = "sha256:adfdeab2da79ea2f76f87eb42a3ab1966a5313e5a69a0213a3cc06ef692b0e96"},
    {file = "watchdog-3.0.0-cp311-cp311-macosx_10_9_universal2.whl", hash = "sha256:2b57a1e730af3156d13b7fdddfc23dea6487fceca29fc75c5a868beed29177ae"},
    {file = "watchdog-3.0.0-cp311-cp311-macosx_10_9_x86_64.whl", hash = "sha256:7ade88d0d778b1b222adebcc0927428f883db07017618a5e684fd03b83342bd9"},
    {file = "watchdog-3.0.0-cp311-cp311-macosx_11_0_arm64.whl", hash = "sha256:7e447d172af52ad204d19982739aa2346245cc5ba6f579d16dac4bfec226d2e7"},
    {file = "watchdog-3.0.0-cp37-cp37m-macosx_10_9_x86_64.whl", hash = "sha256:9fac43a7466eb73e64a9940ac9ed6369baa39b3bf221ae23493a9ec4d0022674"},
    {file = "watchdog-3.0.0-cp38-cp38-macosx_10_9_universal2.whl", hash = "sha256:8ae9cda41fa114e28faf86cb137d751a17ffd0316d1c34ccf2235e8a84365c7f"},
    {file = "watchdog-3.0.0-cp38-cp38-macosx_10_9_x86_64.whl", hash = "sha256:25f70b4aa53bd743729c7475d7ec41093a580528b100e9a8c5b5efe8899592fc"},
    {file = "watchdog-3.0.0-cp38-cp38-macosx_11_0_arm64.whl", hash = "sha256:4f94069eb16657d2c6faada4624c39464f65c05606af50bb7902e036e3219be3"},
    {file = "watchdog-3.0.0-cp39-cp39-macosx_10_9_universal2.whl", hash = "sha256:7c5f84b5194c24dd573fa6472685b2a27cc5a17fe5f7b6fd40345378ca6812e3"},
    {file = "watchdog-3.0.0-cp39-cp39-macosx_10_9_x86_64.whl", hash = "sha256:3aa7f6a12e831ddfe78cdd4f8996af9cf334fd6346531b16cec61c3b3c0d8da0"},
    {file = "watchdog-3.0.0-cp39-cp39-macosx_11_0_arm64.whl", hash = "sha256:233b5817932685d39a7896b1090353fc8efc1ef99c9c054e46c8002561252fb8"},
    {file = "watchdog-3.0.0-pp37-pypy37_pp73-macosx_10_9_x86_64.whl", hash = "sha256:13bbbb462ee42ec3c5723e1205be8ced776f05b100e4737518c67c8325cf6100"},
    {file = "watchdog-3.0.0-pp38-pypy38_pp73-macosx_10_9_x86_64.whl", hash = "sha256:8f3ceecd20d71067c7fd4c9e832d4e22584318983cabc013dbf3f70ea95de346"},
    {file = "watchdog-3.0.0-pp39-pypy39_pp73-macosx_10_9_x86_64.whl", hash = "sha256:c9d8c8ec7efb887333cf71e328e39cffbf771d8f8f95d308ea4125bf5f90ba64"},
    {file = "watchdog-3.0.0-py3-none-manylinux2014_aarch64.whl", hash = "sha256:0e06ab8858a76e1219e68c7573dfeba9dd1c0219476c5a44d5333b01d7e1743a"},
    {file = "watchdog-3.0.0-py3-none-manylinux2014_armv7l.whl", hash = "sha256:d00e6be486affb5781468457b21a6cbe848c33ef43f9ea4a73b4882e5f188a44"},
    {file = "watchdog-3.0.0-py3-none-manylinux2014_i686.whl", hash = "sha256:c07253088265c363d1ddf4b3cdb808d59a0468ecd017770ed716991620b8f77a"},
    {file = "watchdog-3.0.0-py3-none-manylinux2014_ppc64.whl", hash = "sha256:5113334cf8cf0ac8cd45e1f8309a603291b614191c9add34d33075727a967709"},
    {file = "watchdog-3.0.0-py3-none-manylinux2014_ppc64le.whl", hash = "sha256:51f90f73b4697bac9c9a78394c3acbbd331ccd3655c11be1a15ae6fe289a8c83"},
    {file = "watchdog-3.0.0-py3-none-manylinux2014_s390x.whl", hash = "sha256:ba07e92756c97e3aca0912b5cbc4e5ad802f4557212788e72a72a47ff376950d"},
    {file = "watchdog-3.0.0-py3-none-manylinux2014_x86_64.whl", hash = "sha256:d429c2430c93b7903914e4db9a966c7f2b068dd2ebdd2fa9b9ce094c7d459f33"},
    {file = "watchdog-3.0.0-py3-none-win32.whl", hash = "sha256:3ed7c71a9dccfe838c2f0b6314ed0d9b22e77d268c67e015450a29036a81f60f"},
    {file = "watchdog-3.0.0-py3-none-win_amd64.whl", hash = "sha256:4c9956d27be0bb08fc5f30d9d0179a855436e655f046d288e2bcc11adfae893c"},
    {file = "watchdog-3.0.0-py3-none-win_ia64.whl", hash = "sha256:5d9f3a10e02d7371cd929b5d8f11e87d4bad890212ed3901f9b4d68767bee759"},
    {file = "watchdog-3.0.0.tar.gz", hash = "sha256:4d98a320595da7a7c5a18fc48cb633c2e73cda78f93cac2ef42d42bf609a33f9"},
]

[package.extras]
watchmedo = ["PyYAML (>=3.10)"]

[metadata]
lock-version = "2.0"
python-versions = "^3.9"
content-hash = "94eedbd79dc4f29add71d3fedfafaeeb99969e4c4d2402ddc7ea99d52e288830"
